<Solution>
  <Folder Name="/01-hello/" />
  <Folder Name="/01-hello/exercicios/">
    <Project Path="01-hello/exercicios/01a-brushtif/01a-brushtif.csproj" />
  </Folder>
  <Project Path="01-hello/01-hello.csproj" />
  <Project Path="02-variables/02-variables.csproj" />
  <Project Path="02b-variables/02b-variables.csproj" />
  <Project Path="03-Strings/03-Strings.csproj" />
</Solution>
